<?xml version="1.0" encoding="utf-8"?>
<Project ToolsVersion="12.0" xmlns="http://schemas.microsoft.com/developer/msbuild/2003">
  <ItemGroup>
    <Filter Include="Source Files">
      <UniqueIdentifier>{915E3CB5-FFF2-4D85-B448-2B2C1E7EB30F}</UniqueIdentifier>
    </Filter>
    <Filter Include="Header Files">
      <UniqueIdentifier>{41068C13-C126-4B36-BF45-166D607BA940}</UniqueIdentifier>
    </Filter>
    <Filter Include="资源">
      <UniqueIdentifier>{47c1bdff-fe19-4607-9134-492e5a3f9f1a}</UniqueIdentifier>
    </Filter>
  </ItemGroup>
  <ItemGroup>
    <ClCompile Include="DlgMain.cpp">
      <Filter>Source Files</Filter>
    </ClCompile>
    <ClCompile Include="mfcTest.cpp">
      <Filter>Source Files</Filter>
    </ClCompile>
  </ItemGroup>
  <ItemGroup>
    <ClInclude Include="mfcTest.h">
      <Filter>Source Files</Filter>
    </ClInclude>
    <ClInclude Include="DlgMain.h">
      <Filter>Source Files</Filter>
    </ClInclude>
    <ClInclude Include="resource.h">
      <Filter>资源</Filter>
    </ClInclude>
    <ClInclude Include="stdafx.h">
      <Filter>资源</Filter>
    </ClInclude>
  </ItemGroup>
  <ItemGroup>
    <ResourceCompile Include="ex.rc">
      <Filter>资源</Filter>
    </ResourceCompile>
  </ItemGroup>
</Project>