<?xml version="1.0" encoding="utf-8"?>
<Project ToolsVersion="12.0" xmlns="http://schemas.microsoft.com/developer/msbuild/2003">
  <ItemGroup>
    <ClCompile Include=".\mini-caffe\src\caffe\layers\accuracy_layer.cpp">
      <Filter>Source Files</Filter>
    </ClCompile>
    <ClCompile Include=".\mini-caffe\src\caffe\layers\absval_layer.cpp">
      <Filter>Source Files</Filter>
    </ClCompile>
    <ClCompile Include=".\mini-caffe\src\caffe\layers\argmax_layer.cpp">
      <Filter>Source Files</Filter>
    </ClCompile>
    <ClCompile Include=".\mini-caffe\src\caffe\layers\base_conv_layer.cpp">
      <Filter>Source Files</Filter>
    </ClCompile>
    <ClCompile Include=".\mini-caffe\src\caffe\layers\base_data_layer.cpp">
      <Filter>Source Files</Filter>
    </ClCompile>
    <ClCompile Include=".\mini-caffe\src\caffe\layers\batch_norm_layer.cpp">
      <Filter>Source Files</Filter>
    </ClCompile>
    <ClCompile Include=".\mini-caffe\src\caffe\util\benchmark.cpp">
      <Filter>Source Files</Filter>
    </ClCompile>
    <ClCompile Include=".\mini-caffe\src\caffe\layers\bias_layer.cpp">
      <Filter>Source Files</Filter>
    </ClCompile>
    <ClCompile Include=".\mini-caffe\src\caffe\blob.cpp">
      <Filter>Source Files</Filter>
    </ClCompile>
    <ClCompile Include=".\mini-caffe\src\caffe\util\blocking_queue.cpp">
      <Filter>Source Files</Filter>
    </ClCompile>
    <ClCompile Include=".\mini-caffe\src\caffe\layers\bnll_layer.cpp">
      <Filter>Source Files</Filter>
    </ClCompile>
    <ClCompile Include=".\mini-caffe\src\caffe\proto\caffe.pb.cc">
      <Filter>Source Files</Filter>
    </ClCompile>
    <ClCompile Include=".\mini-caffe\src\caffe\common.cpp">
      <Filter>Source Files</Filter>
    </ClCompile>
    <ClCompile Include=".\mini-caffe\src\caffe\layers\concat_layer.cpp">
      <Filter>Source Files</Filter>
    </ClCompile>
    <ClCompile Include=".\mini-caffe\src\caffe\layers\contrastive_loss_layer.cpp">
      <Filter>Source Files</Filter>
    </ClCompile>
    <ClCompile Include=".\mini-caffe\src\caffe\layers\batch_reindex_layer.cpp">
      <Filter>Source Files</Filter>
    </ClCompile>
    <ClCompile Include=".\mini-caffe\src\caffe\data_transformer.cpp">
      <Filter>Source Files</Filter>
    </ClCompile>
    <ClCompile Include=".\mini-caffe\src\caffe\data_reader.cpp">
      <Filter>Source Files</Filter>
    </ClCompile>
    <ClCompile Include=".\mini-caffe\src\caffe\layers\data_layer.cpp">
      <Filter>Source Files</Filter>
    </ClCompile>
    <ClCompile Include=".\mini-caffe\src\caffe\layers\deconv_layer.cpp">
      <Filter>Source Files</Filter>
    </ClCompile>
    <ClCompile Include=".\mini-caffe\src\caffe\util\db_lmdb.cpp">
      <Filter>Source Files</Filter>
    </ClCompile>
    <ClCompile Include=".\mini-caffe\src\caffe\util\db_leveldb.cpp">
      <Filter>Source Files</Filter>
    </ClCompile>
    <ClCompile Include=".\mini-caffe\src\caffe\util\db.cpp">
      <Filter>Source Files</Filter>
    </ClCompile>
    <ClCompile Include=".\mini-caffe\src\caffe\layers\dummy_data_layer.cpp">
      <Filter>Source Files</Filter>
    </ClCompile>
    <ClCompile Include=".\mini-caffe\src\caffe\layers\dropout_layer.cpp">
      <Filter>Source Files</Filter>
    </ClCompile>
    <ClCompile Include=".\mini-caffe\src\caffe\layers\eltwise_layer.cpp">
      <Filter>Source Files</Filter>
    </ClCompile>
    <ClCompile Include=".\mini-caffe\src\caffe\layers\elu_layer.cpp">
      <Filter>Source Files</Filter>
    </ClCompile>
    <ClCompile Include=".\mini-caffe\src\caffe\layers\embed_layer.cpp">
      <Filter>Source Files</Filter>
    </ClCompile>
    <ClCompile Include=".\mini-caffe\src\caffe\layers\euclidean_loss_layer.cpp">
      <Filter>Source Files</Filter>
    </ClCompile>
    <ClCompile Include=".\mini-caffe\src\caffe\layers\exp_layer.cpp">
      <Filter>Source Files</Filter>
    </ClCompile>
    <ClCompile Include=".\mini-caffe\src\caffe\layers\conv_layer.cpp">
      <Filter>Source Files</Filter>
    </ClCompile>
    <ClCompile Include=".\mini-caffe\src\caffe\util\cudnn.cpp">
      <Filter>Source Files</Filter>
    </ClCompile>
    <ClCompile Include=".\mini-caffe\src\caffe\layers\filter_layer.cpp">
      <Filter>Source Files</Filter>
    </ClCompile>
    <ClCompile Include=".\mini-caffe\src\caffe\layers\flatten_layer.cpp">
      <Filter>Source Files</Filter>
    </ClCompile>
    <ClCompile Include=".\mini-caffe\src\caffe\layers\hinge_loss_layer.cpp">
      <Filter>Source Files</Filter>
    </ClCompile>
    <ClCompile Include=".\mini-caffe\src\caffe\util\im2col.cpp">
      <Filter>Source Files</Filter>
    </ClCompile>
    <ClCompile Include=".\mini-caffe\src\caffe\layers\im2col_layer.cpp">
      <Filter>Source Files</Filter>
    </ClCompile>
    <ClCompile Include=".\mini-caffe\src\caffe\layers\image_data_layer.cpp">
      <Filter>Source Files</Filter>
    </ClCompile>
    <ClCompile Include=".\mini-caffe\src\caffe\layers\infogain_loss_layer.cpp">
      <Filter>Source Files</Filter>
    </ClCompile>
    <ClCompile Include=".\mini-caffe\src\caffe\layers\inner_product_layer.cpp">
      <Filter>Source Files</Filter>
    </ClCompile>
    <ClCompile Include=".\mini-caffe\src\caffe\util\insert_splits.cpp">
      <Filter>Source Files</Filter>
    </ClCompile>
    <ClCompile Include=".\mini-caffe\src\caffe\internal_thread.cpp">
      <Filter>Source Files</Filter>
    </ClCompile>
    <ClCompile Include=".\mini-caffe\src\caffe\util\io.cpp">
      <Filter>Source Files</Filter>
    </ClCompile>
    <ClCompile Include=".\mini-caffe\src\caffe\layer.cpp">
      <Filter>Source Files</Filter>
    </ClCompile>
    <ClCompile Include=".\mini-caffe\src\caffe\layer_factory.cpp">
      <Filter>Source Files</Filter>
    </ClCompile>
    <ClCompile Include=".\mini-caffe\src\caffe\layers\leaky_layer.cpp">
      <Filter>Source Files</Filter>
    </ClCompile>
    <ClCompile Include=".\mini-caffe\src\caffe\layers\log_layer.cpp">
      <Filter>Source Files</Filter>
    </ClCompile>
    <ClCompile Include=".\mini-caffe\src\caffe\layers\loss_layer.cpp">
      <Filter>Source Files</Filter>
    </ClCompile>
    <ClCompile Include=".\mini-caffe\src\caffe\layers\lrn_layer.cpp">
      <Filter>Source Files</Filter>
    </ClCompile>
    <ClCompile Include=".\mini-caffe\src\caffe\util\math_functions.cpp">
      <Filter>Source Files</Filter>
    </ClCompile>
    <ClCompile Include=".\mini-caffe\src\caffe\layers\memory_data_layer.cpp">
      <Filter>Source Files</Filter>
    </ClCompile>
    <ClCompile Include=".\mini-caffe\src\caffe\layers\multinomial_logistic_loss_layer.cpp">
      <Filter>Source Files</Filter>
    </ClCompile>
    <ClCompile Include=".\mini-caffe\src\caffe\layers\mvn_layer.cpp">
      <Filter>Source Files</Filter>
    </ClCompile>
    <ClCompile Include=".\mini-caffe\src\caffe\net.cpp">
      <Filter>Source Files</Filter>
    </ClCompile>
    <ClCompile Include=".\mini-caffe\src\caffe\layers\neuron_layer.cpp">
      <Filter>Source Files</Filter>
    </ClCompile>
    <ClCompile Include=".\mini-caffe\src\caffe\parallel.cpp">
      <Filter>Source Files</Filter>
    </ClCompile>
    <ClCompile Include=".\mini-caffe\src\caffe\layers\pooling_layer.cpp">
      <Filter>Source Files</Filter>
    </ClCompile>
    <ClCompile Include=".\mini-caffe\src\caffe\layers\power_layer.cpp">
      <Filter>Source Files</Filter>
    </ClCompile>
    <ClCompile Include=".\mini-caffe\src\caffe\layers\prelu_layer.cpp">
      <Filter>Source Files</Filter>
    </ClCompile>
    <ClCompile Include=".\mini-caffe\src\caffe\layers\reduction_layer.cpp">
      <Filter>Source Files</Filter>
    </ClCompile>
    <ClCompile Include=".\mini-caffe\src\caffe\layers\relu_layer.cpp">
      <Filter>Source Files</Filter>
    </ClCompile>
    <ClCompile Include=".\mini-caffe\src\caffe\layers\reshape_layer.cpp">
      <Filter>Source Files</Filter>
    </ClCompile>
    <ClCompile Include=".\mini-caffe\src\caffe\layers\scale_layer.cpp">
      <Filter>Source Files</Filter>
    </ClCompile>
    <ClCompile Include=".\mini-caffe\src\caffe\layers\window_data_layer.cpp">
      <Filter>Source Files</Filter>
    </ClCompile>
    <ClCompile Include=".\mini-caffe\src\caffe\util\upgrade_proto.cpp">
      <Filter>Source Files</Filter>
    </ClCompile>
    <ClCompile Include=".\mini-caffe\src\caffe\layers\tile_layer.cpp">
      <Filter>Source Files</Filter>
    </ClCompile>
    <ClCompile Include=".\mini-caffe\src\caffe\layers\threshold_layer.cpp">
      <Filter>Source Files</Filter>
    </ClCompile>
    <ClCompile Include=".\mini-caffe\src\caffe\layers\tanh_layer.cpp">
      <Filter>Source Files</Filter>
    </ClCompile>
    <ClCompile Include=".\mini-caffe\src\caffe\syncedmem.cpp">
      <Filter>Source Files</Filter>
    </ClCompile>
    <ClCompile Include=".\mini-caffe\src\caffe\layers\split_layer.cpp">
      <Filter>Source Files</Filter>
    </ClCompile>
    <ClCompile Include=".\mini-caffe\src\caffe\layers\spp_layer.cpp">
      <Filter>Source Files</Filter>
    </ClCompile>
    <ClCompile Include=".\mini-caffe\src\caffe\solver.cpp">
      <Filter>Source Files</Filter>
    </ClCompile>
    <ClCompile Include=".\mini-caffe\src\caffe\layers\softmax_layer.cpp">
      <Filter>Source Files</Filter>
    </ClCompile>
    <ClCompile Include=".\mini-caffe\src\caffe\layers\softmax_loss_layer.cpp">
      <Filter>Source Files</Filter>
    </ClCompile>
    <ClCompile Include=".\mini-caffe\src\caffe\layers\slice_layer.cpp">
      <Filter>Source Files</Filter>
    </ClCompile>
    <ClCompile Include=".\mini-caffe\src\caffe\layers\silence_layer.cpp">
      <Filter>Source Files</Filter>
    </ClCompile>
    <ClCompile Include=".\mini-caffe\src\caffe\util\signal_handler.cpp">
      <Filter>Source Files</Filter>
    </ClCompile>
    <ClCompile Include=".\mini-caffe\src\caffe\layers\sigmoid_layer.cpp">
      <Filter>Source Files</Filter>
    </ClCompile>
    <ClCompile Include=".\mini-caffe\src\caffe\layers\sigmoid_cross_entropy_loss_layer.cpp">
      <Filter>Source Files</Filter>
    </ClCompile>
    <ClCompile Include=".\Main_mtcnn.cpp">
      <Filter>main_mtcnnFaceDetect</Filter>
    </ClCompile>
    <ClCompile Include=".\Main_centerLossF.cpp">
      <Filter>main_centerLossF</Filter>
    </ClCompile>
    <ClCompile Include=".\caffet.cpp">
      <Filter>inter</Filter>
    </ClCompile>
    <ClCompile Include=".\convert_imageset.cpp">
      <Filter>inter</Filter>
    </ClCompile>
    <ClCompile Include="mini-caffe\src\caffe\layers\gram_layer.cpp" />
    <ClCompile Include="mini-caffe\src\caffe\layers\input_layer.cpp" />
    <ClCompile Include="mini-caffe\src\caffe\layers\insanity_layer.cpp" />
    <ClCompile Include="mini-caffe\src\caffe\layers\noise_layer.cpp" />
    <ClCompile Include="mini-caffe\src\caffe\layers\normalize_layer.cpp" />
    <ClCompile Include="mini-caffe\src\caffe\layers\smooth_L1_loss_layer.cpp" />
    <ClCompile Include="mini-caffe\src\caffe\layers\transformer_layer.cpp" />
    <ClCompile Include="mini-caffe\src\caffe\layers\triplet_loss_layer.cpp" />
    <ClCompile Include="mini-caffe\src\caffe\solvers\sgd_solver.cpp" />
    <ClCompile Include="mini-caffe\src\caffe\util\hdf5.cpp" />
    <ClCompile Include="..\Common\gLobalInfo.cpp">
      <Filter>Common</Filter>
    </ClCompile>
    <ClCompile Include="main_compare.cpp">
      <Filter>main_compare</Filter>
    </ClCompile>
  </ItemGroup>
  <ItemGroup>
    <ClInclude Include=".\mini-caffe\include\caffe\layers\batch_reindex_layer.hpp">
      <Filter>Header Files</Filter>
    </ClInclude>
    <ClInclude Include=".\mini-caffe\include\caffe\util\benchmark.hpp">
      <Filter>Header Files</Filter>
    </ClInclude>
    <ClInclude Include=".\mini-caffe\include\caffe\blob.hpp">
      <Filter>Header Files</Filter>
    </ClInclude>
    <ClInclude Include=".\mini-caffe\include\caffe\util\blocking_queue.hpp">
      <Filter>Header Files</Filter>
    </ClInclude>
    <ClInclude Include=".\mini-caffe\include\caffe\caffe.hpp">
      <Filter>Header Files</Filter>
    </ClInclude>
    <ClInclude Include=".\mini-caffe\include\caffe\proto\caffe.pb.h">
      <Filter>Header Files</Filter>
    </ClInclude>
    <ClInclude Include=".\mini-caffe\include\caffe\common.hpp">
      <Filter>Header Files</Filter>
    </ClInclude>
    <ClInclude Include=".\mini-caffe\include\caffe\layers\contrastive_loss_layer.hpp">
      <Filter>Header Files</Filter>
    </ClInclude>
    <ClInclude Include=".\mini-caffe\include\caffe\data_reader.hpp">
      <Filter>Header Files</Filter>
    </ClInclude>
    <ClInclude Include=".\mini-caffe\include\caffe\data_transformer.hpp">
      <Filter>Header Files</Filter>
    </ClInclude>
    <ClInclude Include=".\mini-caffe\include\caffe\util\db.hpp">
      <Filter>Header Files</Filter>
    </ClInclude>
    <ClInclude Include=".\mini-caffe\include\caffe\util\db_leveldb.hpp">
      <Filter>Header Files</Filter>
    </ClInclude>
    <ClInclude Include=".\mini-caffe\include\caffe\util\db_lmdb.hpp">
      <Filter>Header Files</Filter>
    </ClInclude>
    <ClInclude Include=".\mini-caffe\include\caffe\util\device_alternate.hpp">
      <Filter>Header Files</Filter>
    </ClInclude>
    <ClInclude Include=".\mini-caffe\include\caffe\filler.hpp">
      <Filter>Header Files</Filter>
    </ClInclude>
    <ClInclude Include=".\mini-caffe\include\caffe\util\format.hpp">
      <Filter>Header Files</Filter>
    </ClInclude>
    <ClInclude Include=".\mini-caffe\include\caffe\util\im2col.hpp">
      <Filter>Header Files</Filter>
    </ClInclude>
    <ClInclude Include=".\mini-caffe\include\caffe\util\insert_splits.hpp">
      <Filter>Header Files</Filter>
    </ClInclude>
    <ClInclude Include=".\mini-caffe\include\caffe\internal_thread.hpp">
      <Filter>Header Files</Filter>
    </ClInclude>
    <ClInclude Include=".\mini-caffe\include\caffe\util\io.hpp">
      <Filter>Header Files</Filter>
    </ClInclude>
    <ClInclude Include=".\mini-caffe\include\caffe\util\math_functions.hpp">
      <Filter>Header Files</Filter>
    </ClInclude>
    <ClInclude Include=".\mini-caffe\include\caffe\util\mkl_alternate.hpp">
      <Filter>Header Files</Filter>
    </ClInclude>
    <ClInclude Include=".\mini-caffe\include\caffe\layers\multinomial_logistic_loss_layer.hpp">
      <Filter>Header Files</Filter>
    </ClInclude>
    <ClInclude Include=".\mini-caffe\include\caffe\net.hpp">
      <Filter>Header Files</Filter>
    </ClInclude>
    <ClInclude Include=".\mini-caffe\include\caffe\parallel.hpp">
      <Filter>Header Files</Filter>
    </ClInclude>
    <ClInclude Include=".\mini-caffe\include\caffe\util\rng.hpp">
      <Filter>Header Files</Filter>
    </ClInclude>
    <ClInclude Include=".\mini-caffe\include\caffe\solver.hpp">
      <Filter>Header Files</Filter>
    </ClInclude>
    <ClInclude Include=".\mini-caffe\include\caffe\solver_factory.hpp">
      <Filter>Header Files</Filter>
    </ClInclude>
    <ClInclude Include=".\mini-caffe\include\caffe\syncedmem.hpp">
      <Filter>Header Files</Filter>
    </ClInclude>
    <ClInclude Include=".\mini-caffe\include\caffe\layers\tile_layer.hpp">
      <Filter>Header Files</Filter>
    </ClInclude>
    <ClInclude Include=".\mini-caffe\include\caffe\util\upgrade_proto.hpp">
      <Filter>Header Files</Filter>
    </ClInclude>
    <ClInclude Include=".\mini-caffe\include\caffe\layers\conv_layer.hpp">
      <Filter>Header Files\layer</Filter>
    </ClInclude>
    <ClInclude Include=".\mini-caffe\include\caffe\layers\data_layer.hpp">
      <Filter>Header Files\layer</Filter>
    </ClInclude>
    <ClInclude Include=".\mini-caffe\include\caffe\layers\concat_layer.hpp">
      <Filter>Header Files\layer</Filter>
    </ClInclude>
    <ClInclude Include=".\mini-caffe\include\caffe\layers\bias_layer.hpp">
      <Filter>Header Files\layer</Filter>
    </ClInclude>
    <ClInclude Include=".\mini-caffe\include\caffe\layers\batch_norm_layer.hpp">
      <Filter>Header Files\layer</Filter>
    </ClInclude>
    <ClInclude Include=".\mini-caffe\include\caffe\layers\base_data_layer.hpp">
      <Filter>Header Files\layer</Filter>
    </ClInclude>
    <ClInclude Include=".\mini-caffe\include\caffe\layers\base_conv_layer.hpp">
      <Filter>Header Files\layer</Filter>
    </ClInclude>
    <ClInclude Include=".\mini-caffe\include\caffe\layers\argmax_layer.hpp">
      <Filter>Header Files\layer</Filter>
    </ClInclude>
    <ClInclude Include=".\mini-caffe\include\caffe\layers\accuracy_layer.hpp">
      <Filter>Header Files\layer</Filter>
    </ClInclude>
    <ClInclude Include=".\mini-caffe\include\caffe\layers\absval_layer.hpp">
      <Filter>Header Files\layer</Filter>
    </ClInclude>
    <ClInclude Include=".\mini-caffe\include\caffe\layers\elu_layer.hpp">
      <Filter>Header Files\layer</Filter>
    </ClInclude>
    <ClInclude Include=".\mini-caffe\include\caffe\layers\eltwise_layer.hpp">
      <Filter>Header Files\layer</Filter>
    </ClInclude>
    <ClInclude Include=".\mini-caffe\include\caffe\layers\euclidean_loss_layer.hpp">
      <Filter>Header Files\layer</Filter>
    </ClInclude>
    <ClInclude Include=".\mini-caffe\include\caffe\layers\embed_layer.hpp">
      <Filter>Header Files\layer</Filter>
    </ClInclude>
    <ClInclude Include=".\mini-caffe\include\caffe\layers\exp_layer.hpp">
      <Filter>Header Files\layer</Filter>
    </ClInclude>
    <ClInclude Include=".\mini-caffe\include\caffe\layers\filter_layer.hpp">
      <Filter>Header Files\layer</Filter>
    </ClInclude>
    <ClInclude Include=".\mini-caffe\include\caffe\layers\flatten_layer.hpp">
      <Filter>Header Files\layer</Filter>
    </ClInclude>
    <ClInclude Include=".\mini-caffe\include\caffe\layers\hinge_loss_layer.hpp">
      <Filter>Header Files\layer</Filter>
    </ClInclude>
    <ClInclude Include=".\mini-caffe\include\caffe\layers\im2col_layer.hpp">
      <Filter>Header Files\layer</Filter>
    </ClInclude>
    <ClInclude Include=".\mini-caffe\include\caffe\layers\image_data_layer.hpp">
      <Filter>Header Files\layer</Filter>
    </ClInclude>
    <ClInclude Include=".\mini-caffe\include\caffe\layers\infogain_loss_layer.hpp">
      <Filter>Header Files\layer</Filter>
    </ClInclude>
    <ClInclude Include=".\mini-caffe\include\caffe\layers\inner_product_layer.hpp">
      <Filter>Header Files\layer</Filter>
    </ClInclude>
    <ClInclude Include=".\mini-caffe\include\caffe\layers\threshold_layer.hpp">
      <Filter>Header Files\layer</Filter>
    </ClInclude>
    <ClInclude Include=".\mini-caffe\include\caffe\layers\tanh_layer.hpp">
      <Filter>Header Files\layer</Filter>
    </ClInclude>
    <ClInclude Include=".\mini-caffe\include\caffe\layers\spp_layer.hpp">
      <Filter>Header Files\layer</Filter>
    </ClInclude>
    <ClInclude Include=".\mini-caffe\include\caffe\layers\split_layer.hpp">
      <Filter>Header Files\layer</Filter>
    </ClInclude>
    <ClInclude Include=".\mini-caffe\include\caffe\layers\softmax_loss_layer.hpp">
      <Filter>Header Files\layer</Filter>
    </ClInclude>
    <ClInclude Include=".\mini-caffe\include\caffe\layers\softmax_layer.hpp">
      <Filter>Header Files\layer</Filter>
    </ClInclude>
    <ClInclude Include=".\mini-caffe\include\caffe\layers\slice_layer.hpp">
      <Filter>Header Files\layer</Filter>
    </ClInclude>
    <ClInclude Include=".\mini-caffe\include\caffe\layers\silence_layer.hpp">
      <Filter>Header Files\layer</Filter>
    </ClInclude>
    <ClInclude Include=".\mini-caffe\include\caffe\layers\sigmoid_layer.hpp">
      <Filter>Header Files\layer</Filter>
    </ClInclude>
    <ClInclude Include=".\mini-caffe\include\caffe\layers\sigmoid_cross_entropy_loss_layer.hpp">
      <Filter>Header Files\layer</Filter>
    </ClInclude>
    <ClInclude Include=".\mini-caffe\include\caffe\sgd_solvers.hpp">
      <Filter>Header Files\layer</Filter>
    </ClInclude>
    <ClInclude Include=".\mini-caffe\include\caffe\layers\scale_layer.hpp">
      <Filter>Header Files\layer</Filter>
    </ClInclude>
    <ClInclude Include=".\mini-caffe\include\caffe\layers\reshape_layer.hpp">
      <Filter>Header Files\layer</Filter>
    </ClInclude>
    <ClInclude Include=".\mini-caffe\include\caffe\layers\relu_layer.hpp">
      <Filter>Header Files\layer</Filter>
    </ClInclude>
    <ClInclude Include=".\mini-caffe\include\caffe\layers\reduction_layer.hpp">
      <Filter>Header Files\layer</Filter>
    </ClInclude>
    <ClInclude Include=".\mini-caffe\include\caffe\layers\python_layer.hpp">
      <Filter>Header Files\layer</Filter>
    </ClInclude>
    <ClInclude Include=".\mini-caffe\include\caffe\layers\power_layer.hpp">
      <Filter>Header Files\layer</Filter>
    </ClInclude>
    <ClInclude Include=".\mini-caffe\include\caffe\layers\prelu_layer.hpp">
      <Filter>Header Files\layer</Filter>
    </ClInclude>
    <ClInclude Include=".\mini-caffe\include\caffe\layers\pooling_layer.hpp">
      <Filter>Header Files\layer</Filter>
    </ClInclude>
    <ClInclude Include=".\mini-caffe\include\caffe\layers\neuron_layer.hpp">
      <Filter>Header Files\layer</Filter>
    </ClInclude>
    <ClInclude Include=".\mini-caffe\include\caffe\layers\mvn_layer.hpp">
      <Filter>Header Files\layer</Filter>
    </ClInclude>
    <ClInclude Include=".\mini-caffe\include\caffe\layers\window_data_layer.hpp">
      <Filter>Header Files\layer</Filter>
    </ClInclude>
    <ClInclude Include=".\mini-caffe\include\caffe\layers\memory_data_layer.hpp">
      <Filter>Header Files\layer</Filter>
    </ClInclude>
    <ClInclude Include=".\mini-caffe\include\caffe\layers\lrn_layer.hpp">
      <Filter>Header Files\layer</Filter>
    </ClInclude>
    <ClInclude Include=".\mini-caffe\include\caffe\layers\loss_layer.hpp">
      <Filter>Header Files\layer</Filter>
    </ClInclude>
    <ClInclude Include=".\mini-caffe\include\caffe\layers\log_layer.hpp">
      <Filter>Header Files\layer</Filter>
    </ClInclude>
    <ClInclude Include=".\mini-caffe\src\caffe\layers\leaky_layer.hpp">
      <Filter>Header Files\layer</Filter>
    </ClInclude>
    <ClInclude Include=".\mini-caffe\include\caffe\layer_factory.hpp">
      <Filter>Header Files\layer</Filter>
    </ClInclude>
    <ClInclude Include=".\mini-caffe\include\caffe\layer.hpp">
      <Filter>Header Files\layer</Filter>
    </ClInclude>
    <ClInclude Include=".\mini-caffe\include\caffe\layers\dummy_data_layer.hpp">
      <Filter>Header Files\layer</Filter>
    </ClInclude>
    <ClInclude Include=".\mini-caffe\include\caffe\layers\dropout_layer.hpp">
      <Filter>Header Files\layer</Filter>
    </ClInclude>
    <ClInclude Include=".\mini-caffe\include\caffe\layers\deconv_layer.hpp">
      <Filter>Header Files\layer</Filter>
    </ClInclude>
    <ClInclude Include=".\main_inter.h">
      <Filter>inter</Filter>
    </ClInclude>
    <ClInclude Include="mini-caffe\include\caffe\custom_layers.hpp" />
    <ClInclude Include="..\Common\gLobalInfo.h">
      <Filter>Common</Filter>
    </ClInclude>
    <ClInclude Include="main_compare.h">
      <Filter>main_compare</Filter>
    </ClInclude>
  </ItemGroup>
  <ItemGroup>
    <Filter Include="Source Files">
      <UniqueIdentifier>{915E3CB5-FFF2-4D85-B448-2B2C1E7EB30F}</UniqueIdentifier>
    </Filter>
    <Filter Include="Header Files">
      <UniqueIdentifier>{41068C13-C126-4B36-BF45-166D607BA940}</UniqueIdentifier>
    </Filter>
    <Filter Include="Header Files\layer">
      <UniqueIdentifier>{4ead7cdb-cecf-4733-9f7b-5fbf0f4225e8}</UniqueIdentifier>
    </Filter>
    <Filter Include="main_mtcnnFaceDetect">
      <UniqueIdentifier>{aa688cd5-1c11-4f10-bb57-2a8baaa692ec}</UniqueIdentifier>
    </Filter>
    <Filter Include="inter">
      <UniqueIdentifier>{87fcae13-c4fd-4cf9-8c7a-24348b111cdb}</UniqueIdentifier>
    </Filter>
    <Filter Include="main_centerLossF">
      <UniqueIdentifier>{b930903f-588e-4983-b72c-3c49a671a474}</UniqueIdentifier>
    </Filter>
    <Filter Include="Common">
      <UniqueIdentifier>{fcd8abf0-3d62-4fa1-b551-51c652b27b54}</UniqueIdentifier>
    </Filter>
    <Filter Include="main_compare">
      <UniqueIdentifier>{336da4a0-3b01-47c6-a33e-663fc51c622e}</UniqueIdentifier>
    </Filter>
  </ItemGroup>
</Project>