<?xml version="1.0" encoding="utf-8"?>
<Project ToolsVersion="4.0" xmlns="http://schemas.microsoft.com/developer/msbuild/2003">
  <ItemGroup>
    <Filter Include="源文件">
      <UniqueIdentifier>{4FC737F1-C7A5-4376-A066-2A32D752A2FF}</UniqueIdentifier>
      <Extensions>cpp;c;cc;cxx;def;odl;idl;hpj;bat;asm;asmx</Extensions>
    </Filter>
    <Filter Include="头文件">
      <UniqueIdentifier>{93995380-89BD-4b04-88EB-625FBE52EBFB}</UniqueIdentifier>
      <Extensions>h;hh;hpp;hxx;hm;inl;inc;xsd</Extensions>
    </Filter>
    <Filter Include="test">
      <UniqueIdentifier>{6ed23ca6-b3cc-44dd-be68-cae4a32fee14}</UniqueIdentifier>
    </Filter>
    <Filter Include="public">
      <UniqueIdentifier>{ab8217fa-7ee3-4305-bf41-262b5ffc730c}</UniqueIdentifier>
    </Filter>
    <Filter Include="EasyPR">
      <UniqueIdentifier>{dd23d99b-4bfe-4465-b8ea-4fdb8a287192}</UniqueIdentifier>
    </Filter>
    <Filter Include="EasyPR\core">
      <UniqueIdentifier>{372c47ab-ce29-4b14-b365-2f64edcafbc5}</UniqueIdentifier>
    </Filter>
    <Filter Include="EasyPR\preprocess">
      <UniqueIdentifier>{a30bbd3b-5266-49fb-8fd3-988d3ea341b7}</UniqueIdentifier>
    </Filter>
    <Filter Include="EasyPR\thirdparty">
      <UniqueIdentifier>{9a74021f-ba34-4ac7-b4f3-4ccc33b8ccc3}</UniqueIdentifier>
    </Filter>
    <Filter Include="EasyPR\experi">
      <UniqueIdentifier>{fae77593-9a17-4702-b571-d89264f446cb}</UniqueIdentifier>
    </Filter>
    <Filter Include="EasyPR\util">
      <UniqueIdentifier>{21644e98-5a40-44a5-8e1c-169d587acc3d}</UniqueIdentifier>
    </Filter>
    <Filter Include="EasyPR\cnn">
      <UniqueIdentifier>{82de36be-7033-4368-a81b-e872304ca69d}</UniqueIdentifier>
    </Filter>
    <Filter Include="EasyPR\Ann">
      <UniqueIdentifier>{c84bc421-dce1-4895-a92e-e7e402af9a81}</UniqueIdentifier>
    </Filter>
    <Filter Include="EasyPR\train">
      <UniqueIdentifier>{00ac64e9-b11f-45c9-a58c-ee6fe516709d}</UniqueIdentifier>
    </Filter>
    <Filter Include="EasyPR\include">
      <UniqueIdentifier>{3365b7c4-d544-497e-a86f-040478c4d3aa}</UniqueIdentifier>
    </Filter>
    <Filter Include="EasyPR\include\core">
      <UniqueIdentifier>{8308b6f1-3cb6-4387-ad1c-432c62a350ac}</UniqueIdentifier>
    </Filter>
    <Filter Include="EasyPR\include\preprocess">
      <UniqueIdentifier>{87591c82-24bb-451f-aa10-c94134d126be}</UniqueIdentifier>
    </Filter>
    <Filter Include="EasyPR\include\train">
      <UniqueIdentifier>{2a6e054b-c3ac-4877-9913-0cf062acbf22}</UniqueIdentifier>
    </Filter>
    <Filter Include="EasyPR\include\util">
      <UniqueIdentifier>{9c56a5f0-15cf-4618-8248-63a19ad187d2}</UniqueIdentifier>
    </Filter>
    <Filter Include="EasyPR\include\thirdparty">
      <UniqueIdentifier>{4eb4c6e3-1287-4598-aa07-6ca1dd79787e}</UniqueIdentifier>
    </Filter>
    <Filter Include="specialEfect">
      <UniqueIdentifier>{610e36e3-21a6-49b9-97c6-f3a39ca62730}</UniqueIdentifier>
    </Filter>
    <Filter Include="plate_inter">
      <UniqueIdentifier>{00aa6254-06ac-4af0-9a06-899dc74ae484}</UniqueIdentifier>
    </Filter>
    <Filter Include="EasyPR\test">
      <UniqueIdentifier>{b97a42cb-e853-4de2-84b4-356eabfb9c62}</UniqueIdentifier>
    </Filter>
  </ItemGroup>
  <ItemGroup>
    <ClInclude Include="stdafx.h">
      <Filter>头文件</Filter>
    </ClInclude>
    <ClInclude Include="targetver.h">
      <Filter>头文件</Filter>
    </ClInclude>
    <ClInclude Include="Resource.h">
      <Filter>头文件</Filter>
    </ClInclude>
    <ClInclude Include="dnnt.h">
      <Filter>test</Filter>
    </ClInclude>
    <ClInclude Include="..\Common\CommonWin.h">
      <Filter>public</Filter>
    </ClInclude>
    <ClInclude Include="localContrastGlobal.hpp">
      <Filter>源文件</Filter>
    </ClInclude>
    <ClInclude Include="..\ChildCtrl\CButton\xSkinButton.h">
      <Filter>public</Filter>
    </ClInclude>
    <ClInclude Include="thirdparty\xmlParser\xmlParser.h">
      <Filter>EasyPR\thirdparty</Filter>
    </ClInclude>
    <ClInclude Include="thirdparty\textDetect\erfilter.hpp">
      <Filter>EasyPR\core</Filter>
    </ClInclude>
    <ClInclude Include="thirdparty\mser\mser2.hpp">
      <Filter>EasyPR\core</Filter>
    </ClInclude>
    <ClInclude Include="thirdparty\CNN\cnn.hpp">
      <Filter>EasyPR\thirdparty</Filter>
    </ClInclude>
    <ClInclude Include="thirdparty\LBP\helper.hpp">
      <Filter>EasyPR\thirdparty</Filter>
    </ClInclude>
    <ClInclude Include="thirdparty\LBP\lbp.hpp">
      <Filter>EasyPR\thirdparty</Filter>
    </ClInclude>
    <ClInclude Include="include\easypr.h">
      <Filter>EasyPR\include</Filter>
    </ClInclude>
    <ClInclude Include="include\platex\core\character.hpp">
      <Filter>EasyPR\include\core</Filter>
    </ClInclude>
    <ClInclude Include="include\platex\core\chars_identify.h">
      <Filter>EasyPR\include\core</Filter>
    </ClInclude>
    <ClInclude Include="include\platex\core\chars_identify_ann.h">
      <Filter>EasyPR\include\core</Filter>
    </ClInclude>
    <ClInclude Include="include\platex\core\chars_identify_cnn.h">
      <Filter>EasyPR\include\core</Filter>
    </ClInclude>
    <ClInclude Include="include\platex\core\chars_recognise.h">
      <Filter>EasyPR\include\core</Filter>
    </ClInclude>
    <ClInclude Include="include\platex\core\chars_segment.h">
      <Filter>EasyPR\include\core</Filter>
    </ClInclude>
    <ClInclude Include="include\platex\core\core_func.h">
      <Filter>EasyPR\include\core</Filter>
    </ClInclude>
    <ClInclude Include="include\platex\core\feature.h">
      <Filter>EasyPR\include\core</Filter>
    </ClInclude>
    <ClInclude Include="include\platex\core\params.h">
      <Filter>EasyPR\include\core</Filter>
    </ClInclude>
    <ClInclude Include="include\platex\core\plate.hpp">
      <Filter>EasyPR\include\core</Filter>
    </ClInclude>
    <ClInclude Include="include\platex\core\plate_detect.h">
      <Filter>EasyPR\include\core</Filter>
    </ClInclude>
    <ClInclude Include="include\platex\core\plate_judge.h">
      <Filter>EasyPR\include\core</Filter>
    </ClInclude>
    <ClInclude Include="include\platex\core\plate_locate.h">
      <Filter>EasyPR\include\core</Filter>
    </ClInclude>
    <ClInclude Include="include\platex\core\plate_recognize.h">
      <Filter>EasyPR\include\core</Filter>
    </ClInclude>
    <ClInclude Include="include\platex\preprocess\mc_data.h">
      <Filter>EasyPR\include\preprocess</Filter>
    </ClInclude>
    <ClInclude Include="include\platex\train\ann_train.h">
      <Filter>EasyPR\include\train</Filter>
    </ClInclude>
    <ClInclude Include="include\platex\train\train.h">
      <Filter>EasyPR\include\train</Filter>
    </ClInclude>
    <ClInclude Include="include\platex\train\svm_train.h">
      <Filter>EasyPR\include\train</Filter>
    </ClInclude>
    <ClInclude Include="include\platex\util\kv.h">
      <Filter>EasyPR\include\util</Filter>
    </ClInclude>
    <ClInclude Include="include\platex\util\program_options.h">
      <Filter>EasyPR\include\util</Filter>
    </ClInclude>
    <ClInclude Include="include\platex\util\switch.hpp">
      <Filter>EasyPR\include\util</Filter>
    </ClInclude>
    <ClInclude Include="include\platex\util\util.h">
      <Filter>EasyPR\include\util</Filter>
    </ClInclude>
    <ClInclude Include="include\platex\config.h">
      <Filter>EasyPR</Filter>
    </ClInclude>
    <ClInclude Include="..\SpecialEfect\SpecialEfect.h">
      <Filter>specialEfect</Filter>
    </ClInclude>
    <ClInclude Include="vcshow.h">
      <Filter>源文件</Filter>
    </ClInclude>
    <ClInclude Include="include\plate_inter.h">
      <Filter>plate_inter</Filter>
    </ClInclude>
    <ClInclude Include="test\plate_t.hpp">
      <Filter>EasyPR\test</Filter>
    </ClInclude>
  </ItemGroup>
  <ItemGroup>
    <ClCompile Include="stdafx.cpp">
      <Filter>源文件</Filter>
    </ClCompile>
    <ClCompile Include="..\Common\CommonWin.cpp">
      <Filter>public</Filter>
    </ClCompile>
    <ClCompile Include="localContrastGlobal.cpp">
      <Filter>源文件</Filter>
    </ClCompile>
    <ClCompile Include="..\ChildCtrl\CButton\xSkinButton.cpp">
      <Filter>public</Filter>
    </ClCompile>
    <ClCompile Include="thirdparty\textDetect\erfilter.cpp">
      <Filter>EasyPR\core</Filter>
    </ClCompile>
    <ClCompile Include="thirdparty\mser\mser2.cpp">
      <Filter>EasyPR\core</Filter>
    </ClCompile>
    <ClCompile Include="src\core\chars_identify.cpp">
      <Filter>EasyPR\core</Filter>
    </ClCompile>
    <ClCompile Include="src\core\chars_recognise.cpp">
      <Filter>EasyPR\core</Filter>
    </ClCompile>
    <ClCompile Include="src\core\chars_segment.cpp">
      <Filter>EasyPR\core</Filter>
    </ClCompile>
    <ClCompile Include="src\core\core_func.cpp">
      <Filter>EasyPR\core</Filter>
    </ClCompile>
    <ClCompile Include="src\core\feature.cpp">
      <Filter>EasyPR\core</Filter>
    </ClCompile>
    <ClCompile Include="src\core\params.cpp">
      <Filter>EasyPR\core</Filter>
    </ClCompile>
    <ClCompile Include="src\core\plate_detect.cpp">
      <Filter>EasyPR\core</Filter>
    </ClCompile>
    <ClCompile Include="src\core\plate_judge.cpp">
      <Filter>EasyPR\core</Filter>
    </ClCompile>
    <ClCompile Include="src\core\plate_locate.cpp">
      <Filter>EasyPR\core</Filter>
    </ClCompile>
    <ClCompile Include="src\core\plate_recognize.cpp">
      <Filter>EasyPR\core</Filter>
    </ClCompile>
    <ClCompile Include="src\preprocess\mc_data.cpp">
      <Filter>EasyPR\preprocess</Filter>
    </ClCompile>
    <ClCompile Include="src\util\kv.cpp">
      <Filter>EasyPR\util</Filter>
    </ClCompile>
    <ClCompile Include="src\util\program_options.cpp">
      <Filter>EasyPR\util</Filter>
    </ClCompile>
    <ClCompile Include="src\util\util.cpp">
      <Filter>EasyPR\util</Filter>
    </ClCompile>
    <ClCompile Include="thirdparty\xmlParser\xmlParser.cpp">
      <Filter>EasyPR\util</Filter>
    </ClCompile>
    <ClCompile Include="thirdparty\CNN\cnn.cpp">
      <Filter>EasyPR\thirdparty</Filter>
    </ClCompile>
    <ClCompile Include="src\core\chars_identify_cnn.cpp">
      <Filter>EasyPR\cnn</Filter>
    </ClCompile>
    <ClCompile Include="src\core\chars_identify_ann.cpp">
      <Filter>EasyPR\Ann</Filter>
    </ClCompile>
    <ClCompile Include="src\train\ann_train.cpp">
      <Filter>EasyPR\train</Filter>
    </ClCompile>
    <ClCompile Include="src\train\train.cpp">
      <Filter>EasyPR\train</Filter>
    </ClCompile>
    <ClCompile Include="thirdparty\LBP\helper.cpp">
      <Filter>EasyPR\thirdparty</Filter>
    </ClCompile>
    <ClCompile Include="thirdparty\LBP\lbp.cpp">
      <Filter>EasyPR\thirdparty</Filter>
    </ClCompile>
    <ClCompile Include="..\SpecialEfect\SpecialEfect.cpp">
      <Filter>specialEfect</Filter>
    </ClCompile>
    <ClCompile Include="vcshow.cpp">
      <Filter>源文件</Filter>
    </ClCompile>
    <ClCompile Include="src\plate_inter.cpp">
      <Filter>plate_inter</Filter>
    </ClCompile>
    <ClCompile Include="test\plate_t.cpp">
      <Filter>EasyPR\test</Filter>
    </ClCompile>
  </ItemGroup>
</Project>